
Microsoft Visual Studio Solution File, Format Version 12.00
# Visual Studio Version 16
VisualStudioVersion = 16.0.30717.126
MinimumVisualStudioVersion = 10.0.40219.1
Project("{FAE04EC0-301F-11D3-BF4B-00C04F79EFBC}") = "GPLA_Assessment", "GPLA_Assessment\GPLA_Assessment.csproj", "{660A8386-AB2F-4155-9E7D-001C0CF6EC39}"
EndProject
Project("{FAE04EC0-301F-11D3-BF4B-00C04F79EFBC}") = "GPLA-UnitTestProject", "GPLA-UnitTestProject\GPLA-UnitTestProject.csproj", "{64390BCB-27E1-4B73-9D33-03E91E12ABF3}"
EndProject
Global
	GlobalSection(SolutionConfigurationPlatforms) = preSolution
		Debug|Any CPU = Debug|Any CPU
		Release|Any CPU = Release|Any CPU
	EndGlobalSection
	GlobalSection(ProjectConfigurationPlatforms) = postSolution
		{660A8386-AB2F-4155-9E7D-001C0CF6EC39}.Debug|Any CPU.ActiveCfg = Debug|Any CPU
		{660A8386-AB2F-4155-9E7D-001C0CF6EC39}.Debug|Any CPU.Build.0 = Debug|Any CPU
		{660A8386-AB2F-4155-9E7D-001C0CF6EC39}.Release|Any CPU.ActiveCfg = Release|Any CPU
		{660A8386-AB2F-4155-9E7D-001C0CF6EC39}.Release|Any CPU.Build.0 = Release|Any CPU
		{64390BCB-27E1-4B73-9D33-03E91E12ABF3}.Debug|Any CPU.ActiveCfg = Debug|Any CPU
		{64390BCB-27E1-4B73-9D33-03E91E12ABF3}.Debug|Any CPU.Build.0 = Debug|Any CPU
		{64390BCB-27E1-4B73-9D33-03E91E12ABF3}.Release|Any CPU.ActiveCfg = Release|Any CPU
		{64390BCB-27E1-4B73-9D33-03E91E12ABF3}.Release|Any CPU.Build.0 = Release|Any CPU
	EndGlobalSection
	GlobalSection(SolutionProperties) = preSolution
		HideSolutionNode = FALSE
	EndGlobalSection
	GlobalSection(ExtensibilityGlobals) = postSolution
		SolutionGuid = {CFBB74C2-A098-49B3-AB55-8587F2B168C4}
	EndGlobalSection
EndGlobal
